
Microsoft Visual Studio Solution File, Format Version 12.00
# Visual Studio Version 17
VisualStudioVersion = 17.9.34622.214
MinimumVisualStudioVersion = 10.0.40219.1
Project("{8BC9CEB8-8B4A-11D0-8D11-00A0C91BC942}") = "kursovayaOPSU", "kursovayaOPSU\kursovayaOPSU.vcxproj", "{10A54002-4657-44D0-89BF-E99C0C46C742}"
EndProject
Global
	GlobalSection(SolutionConfigurationPlatforms) = preSolution
		Debug|x64 = Debug|x64
		Debug|x86 = Debug|x86
		Release|x64 = Release|x64
		Release|x86 = Release|x86
	EndGlobalSection
	GlobalSection(ProjectConfigurationPlatforms) = postSolution
		{10A54002-4657-44D0-89BF-E99C0C46C742}.Debug|x64.ActiveCfg = Debug|x64
		{10A54002-4657-44D0-89BF-E99C0C46C742}.Debug|x64.Build.0 = Debug|x64
		{10A54002-4657-44D0-89BF-E99C0C46C742}.Debug|x86.ActiveCfg = Debug|Win32
		{10A54002-4657-44D0-89BF-E99C0C46C742}.Debug|x86.Build.0 = Debug|Win32
		{10A54002-4657-44D0-89BF-E99C0C46C742}.Release|x64.ActiveCfg = Release|x64
		{10A54002-4657-44D0-89BF-E99C0C46C742}.Release|x64.Build.0 = Release|x64
		{10A54002-4657-44D0-89BF-E99C0C46C742}.Release|x86.ActiveCfg = Release|Win32
		{10A54002-4657-44D0-89BF-E99C0C46C742}.Release|x86.Build.0 = Release|Win32
	EndGlobalSection
	GlobalSection(SolutionProperties) = preSolution
		HideSolutionNode = FALSE
	EndGlobalSection
	GlobalSection(ExtensibilityGlobals) = postSolution
		SolutionGuid = {80B596AC-228E-4F07-B475-2538E79FCBEC}
	EndGlobalSection
EndGlobal
